{
  "pins" : [
    {
      "identity" : "automerge-swift",
      "kind" : "remoteSourceControl",
      "location" : "https://github.com/automerge/automerge-swift",
      "state" : {
        "revision" : "aa45d17ac92cef2b8ded63b47e65a28dc85e3418",
        "version" : "0.7.2"
      }
    },
    {
      "identity" : "ferrostar",
      "kind" : "remoteSourceControl",
      "location" : "https://github.com/stadiamaps/ferrostar",
      "state" : {
        "revision" : "01325f3aefd7212d8a67b59d7f47fad5213914c0",
        "version" : "0.51.0"
      }
    },
    {
      "identity" : "grdb.swift",
      "kind" : "remoteSourceControl",
      "location" : "https://github.com/groue/GRDB.swift",
      "state" : {
        "revision" : "9ed8c8457e00ff9c7aedb3bf213f20a2cfdf509e",
        "version" : "7.11.0"
      }
    },
    {
      "identity" : "ios-corebluetooth-mock",
      "kind" : "remoteSourceControl",
      "location" : "https://github.com/NordicSemiconductor/IOS-CoreBluetooth-Mock",
      "state" : {
        "revision" : "500b23852e7d46b63ef8e2a826c2b6f3f6ed50ef",
        "version" : "0.18.0"
      }
    },
    {
      "identity" : "maplibre-gl-native-distribution",
      "kind" : "remoteSourceControl",
      "location" : "https://github.com/maplibre/maplibre-gl-native-distribution.git",
      "state" : {
        "revision" : "84a79bc375a301169390ac110c868f06c857b83f",
        "version" : "6.27.0"
      }
    },
    {
      "identity" : "multipeerkit",
      "kind" : "remoteSourceControl",
      "location" : "https://github.com/insidegui/MultipeerKit",
      "state" : {
        "revision" : "ee013fd04f20166ea40ff456a67058c040289c1c",
        "version" : "0.4.0"
      }
    },
    {
      "identity" : "swift-protobuf",
      "kind" : "remoteSourceControl",
      "location" : "https://github.com/apple/swift-protobuf",
      "state" : {
        "revision" : "f6506eaa86ed2e01cb0ae14a75035b7fdbf0918f",
        "version" : "1.38.0"
      }
    },
    {
      "identity" : "swift-syntax",
      "kind" : "remoteSourceControl",
      "location" : "https://github.com/swiftlang/swift-syntax.git",
      "state" : {
        "revision" : "4799286537280063c85a32f09884cfbca301b1a1",
        "version" : "602.0.0"
      }
    },
    {
      "identity" : "swiftui-dsl",
      "kind" : "remoteSourceControl",
      "location" : "https://github.com/maplibre/swiftui-dsl",
      "state" : {
        "revision" : "139e83d1487f29b42a4f5db2458594170f0ff7e3",
        "version" : "0.25.0"
      }
    },
    {
      "identity" : "turf-swift",
      "kind" : "remoteSourceControl",
      "location" : "https://github.com/mapbox/turf-swift",
      "state" : {
        "revision" : "bf840e6b9529d105687840fe2c9dcd74197d46d1",
        "version" : "4.0.0"
      }
    }
  ],
  "version" : 2
}
