// !$*UTF8*$!
{
	archiveVersion = 1;
	classes = {
	};
	objectVersion = 77;
	objects = {

/* Begin PBXBuildFile section */
		12679B036CE206C31031872F /* TURNSecrets.generated.swift in Sources */ = {isa = PBXBuildFile; fileRef = A37F74426E4DE5C2432F97BF /* TURNSecrets.generated.swift */; };
		297092996ECCE8C5B24B0B9C /* AppLogger.swift in Sources */ = {isa = PBXBuildFile; fileRef = 6D3E2A5964E7D3D2892E43EF /* AppLogger.swift */; };
		30B7E9D375164C80D3BA7102 /* RideGroup.swift in Sources */ = {isa = PBXBuildFile; fileRef = 62B0D06A7D287498E7F6E927 /* RideGroup.swift */; };
		3404A754C40DF4CE01FEF191 /* LocationService.swift in Sources */ = {isa = PBXBuildFile; fileRef = 4E3D444A40FD0F9516E489F9 /* LocationService.swift */; };
		3E828D4AB0D0E3BAD3F59A1E /* WebRTC in Frameworks */ = {isa = PBXBuildFile; productRef = 33FCCF124F4B1B682DB61958 /* WebRTC */; };
		40BDE54E46A5992F259DC7B1 /* Assets.xcassets in Resources */ = {isa = PBXBuildFile; fileRef = E7D22EF2084FC2E41EC2D18D /* Assets.xcassets */; };
		44390CA654A1048366169A9F /* Rider.swift in Sources */ = {isa = PBXBuildFile; fileRef = 26FD5C640B481B968070BFC5 /* Rider.swift */; };
		44A8C3A935B92010DC8122AF /* MultipeerService.swift in Sources */ = {isa = PBXBuildFile; fileRef = CC6207D4F969FB00792BF03E /* MultipeerService.swift */; };
		47ECA99070DF738E9C8A506F /* WebRTCService.swift in Sources */ = {isa = PBXBuildFile; fileRef = 013AC7E5AAA8188239AA3F27 /* WebRTCService.swift */; };
		592768579C6280F6CBC857FC /* BLEPairingService.swift in Sources */ = {isa = PBXBuildFile; fileRef = 65CD4AB6BAD7C7F68D06C90B /* BLEPairingService.swift */; };
		5A824FBDD746384D07937599 /* PairingView.swift in Sources */ = {isa = PBXBuildFile; fileRef = 2B316CE9B1A13F03D876F2FE /* PairingView.swift */; };
		62C9B2B06EC28D2C94322EBB /* LocationUpdate.swift in Sources */ = {isa = PBXBuildFile; fileRef = 954BAC02E44D05C6A12DFED3 /* LocationUpdate.swift */; };
		7FD2E7043CF44B04EBFC63EA /* WAWARideApp.swift in Sources */ = {isa = PBXBuildFile; fileRef = 7FDE2FDE5F84D1DA97288500 /* WAWARideApp.swift */; };
		9AEF0461F58793093769C5DE /* LogServer.swift in Sources */ = {isa = PBXBuildFile; fileRef = 0648B8B31F6B490A205E2AA7 /* LogServer.swift */; };
		A68CE5214DDEF00BBB0CB9C5 /* TCPSignalingService.swift in Sources */ = {isa = PBXBuildFile; fileRef = 015C65A9D45E6EFCA7BD5458 /* TCPSignalingService.swift */; };
		C40CEBDC3C9CC6F415A5B4EE /* TURNConfig.plist in Resources */ = {isa = PBXBuildFile; fileRef = F5FC95C07A311F8F6B91C58C /* TURNConfig.plist */; };
		C5AE25367E9F723F5DEB67AC /* TURNConfig.swift in Sources */ = {isa = PBXBuildFile; fileRef = E752C239C52141427D8EAEBC /* TURNConfig.swift */; };
		C5D4F718FE3D6E5F9B20D6D7 /* PeerIdentity.swift in Sources */ = {isa = PBXBuildFile; fileRef = 7630C62A26E804AE8BE7A937 /* PeerIdentity.swift */; };
		CF9525FC875F0B16814AC628 /* DebugOverlay.swift in Sources */ = {isa = PBXBuildFile; fileRef = B7D3AA6C82F7CC18C29A8BC6 /* DebugOverlay.swift */; };
		D7573C0A47C5A7F807D88885 /* TURNConfig.template.plist in Resources */ = {isa = PBXBuildFile; fileRef = 3B6EEAF46AA287F77DAC5076 /* TURNConfig.template.plist */; };
		DEDE946E5C1AFEEB20B4B108 /* MapView.swift in Sources */ = {isa = PBXBuildFile; fileRef = 0F58E122763AB75E8E506E6B /* MapView.swift */; };
		F6CF1ED6292E859AEE85DD0A /* RideViewModel.swift in Sources */ = {isa = PBXBuildFile; fileRef = D90FB24CE9055BD88988A815 /* RideViewModel.swift */; };
		FAE5BEFA3D912C8ABDD6EA4A /* ContentView.swift in Sources */ = {isa = PBXBuildFile; fileRef = 29280EDB473BF28C4106DF45 /* ContentView.swift */; };
/* End PBXBuildFile section */

/* Begin PBXFileReference section */
		013AC7E5AAA8188239AA3F27 /* WebRTCService.swift */ = {isa = PBXFileReference; lastKnownFileType = sourcecode.swift; path = WebRTCService.swift; sourceTree = "<group>"; };
		015C65A9D45E6EFCA7BD5458 /* TCPSignalingService.swift */ = {isa = PBXFileReference; lastKnownFileType = sourcecode.swift; path = TCPSignalingService.swift; sourceTree = "<group>"; };
		0648B8B31F6B490A205E2AA7 /* LogServer.swift */ = {isa = PBXFileReference; lastKnownFileType = sourcecode.swift; path = LogServer.swift; sourceTree = "<group>"; };
		0F58E122763AB75E8E506E6B /* MapView.swift */ = {isa = PBXFileReference; lastKnownFileType = sourcecode.swift; path = MapView.swift; sourceTree = "<group>"; };
		181131D2327996FED85F5D37 /* WAWARide.app */ = {isa = PBXFileReference; includeInIndex = 0; lastKnownFileType = wrapper.application; path = WAWARide.app; sourceTree = BUILT_PRODUCTS_DIR; };
		26FD5C640B481B968070BFC5 /* Rider.swift */ = {isa = PBXFileReference; lastKnownFileType = sourcecode.swift; path = Rider.swift; sourceTree = "<group>"; };
		29280EDB473BF28C4106DF45 /* ContentView.swift */ = {isa = PBXFileReference; lastKnownFileType = sourcecode.swift; path = ContentView.swift; sourceTree = "<group>"; };
		2B316CE9B1A13F03D876F2FE /* PairingView.swift */ = {isa = PBXFileReference; lastKnownFileType = sourcecode.swift; path = PairingView.swift; sourceTree = "<group>"; };
		30D7886496319347E91CD84C /* Info.plist */ = {isa = PBXFileReference; lastKnownFileType = text.plist; path = Info.plist; sourceTree = "<group>"; };
		3B6EEAF46AA287F77DAC5076 /* TURNConfig.template.plist */ = {isa = PBXFileReference; lastKnownFileType = text.plist; path = TURNConfig.template.plist; sourceTree = "<group>"; };
		4E3D444A40FD0F9516E489F9 /* LocationService.swift */ = {isa = PBXFileReference; lastKnownFileType = sourcecode.swift; path = LocationService.swift; sourceTree = "<group>"; };
		62B0D06A7D287498E7F6E927 /* RideGroup.swift */ = {isa = PBXFileReference; lastKnownFileType = sourcecode.swift; path = RideGroup.swift; sourceTree = "<group>"; };
		65CD4AB6BAD7C7F68D06C90B /* BLEPairingService.swift */ = {isa = PBXFileReference; lastKnownFileType = sourcecode.swift; path = BLEPairingService.swift; sourceTree = "<group>"; };
		6D3E2A5964E7D3D2892E43EF /* AppLogger.swift */ = {isa = PBXFileReference; lastKnownFileType = sourcecode.swift; path = AppLogger.swift; sourceTree = "<group>"; };
		7630C62A26E804AE8BE7A937 /* PeerIdentity.swift */ = {isa = PBXFileReference; lastKnownFileType = sourcecode.swift; path = PeerIdentity.swift; sourceTree = "<group>"; };
		7FDE2FDE5F84D1DA97288500 /* WAWARideApp.swift */ = {isa = PBXFileReference; lastKnownFileType = sourcecode.swift; path = WAWARideApp.swift; sourceTree = "<group>"; };
		954BAC02E44D05C6A12DFED3 /* LocationUpdate.swift */ = {isa = PBXFileReference; lastKnownFileType = sourcecode.swift; path = LocationUpdate.swift; sourceTree = "<group>"; };
		A37F74426E4DE5C2432F97BF /* TURNSecrets.generated.swift */ = {isa = PBXFileReference; lastKnownFileType = sourcecode.swift; path = TURNSecrets.generated.swift; sourceTree = "<group>"; };
		B13D1C114499361DEA5B3E8B /* WAWARide.entitlements */ = {isa = PBXFileReference; lastKnownFileType = text.plist.entitlements; path = WAWARide.entitlements; sourceTree = "<group>"; };
		B7D3AA6C82F7CC18C29A8BC6 /* DebugOverlay.swift */ = {isa = PBXFileReference; lastKnownFileType = sourcecode.swift; path = DebugOverlay.swift; sourceTree = "<group>"; };
		CC6207D4F969FB00792BF03E /* MultipeerService.swift */ = {isa = PBXFileReference; lastKnownFileType = sourcecode.swift; path = MultipeerService.swift; sourceTree = "<group>"; };
		D90FB24CE9055BD88988A815 /* RideViewModel.swift */ = {isa = PBXFileReference; lastKnownFileType = sourcecode.swift; path = RideViewModel.swift; sourceTree = "<group>"; };
		E752C239C52141427D8EAEBC /* TURNConfig.swift */ = {isa = PBXFileReference; lastKnownFileType = sourcecode.swift; path = TURNConfig.swift; sourceTree = "<group>"; };
		E7D22EF2084FC2E41EC2D18D /* Assets.xcassets */ = {isa = PBXFileReference; lastKnownFileType = folder.assetcatalog; path = Assets.xcassets; sourceTree = "<group>"; };
		F5FC95C07A311F8F6B91C58C /* TURNConfig.plist */ = {isa = PBXFileReference; lastKnownFileType = text.plist; path = TURNConfig.plist; sourceTree = "<group>"; };
/* End PBXFileReference section */

/* Begin PBXFrameworksBuildPhase section */
		457F39CA74AA32853D2DCC7A /* Frameworks */ = {
			isa = PBXFrameworksBuildPhase;
			buildActionMask = 2147483647;
			files = (
				3E828D4AB0D0E3BAD3F59A1E /* WebRTC in Frameworks */,
			);
			runOnlyForDeploymentPostprocessing = 0;
		};
/* End PBXFrameworksBuildPhase section */

/* Begin PBXGroup section */
		309424743B3BD121B07A5E0A /* Resources */ = {
			isa = PBXGroup;
			children = (
				E7D22EF2084FC2E41EC2D18D /* Assets.xcassets */,
				30D7886496319347E91CD84C /* Info.plist */,
				B13D1C114499361DEA5B3E8B /* WAWARide.entitlements */,
			);
			path = Resources;
			sourceTree = "<group>";
		};
		532F787721F0BF0B3DC27772 /* App */ = {
			isa = PBXGroup;
			children = (
				7FDE2FDE5F84D1DA97288500 /* WAWARideApp.swift */,
			);
			path = App;
			sourceTree = "<group>";
		};
		54E4FEF9804F3A32C917BEC2 /* Services */ = {
			isa = PBXGroup;
			children = (
				6D3E2A5964E7D3D2892E43EF /* AppLogger.swift */,
				0648B8B31F6B490A205E2AA7 /* LogServer.swift */,
				C2C80D192D7D3C826E45A30B /* Communication */,
				F57E188DE2DAB681871017FF /* Location */,
				74A937DEDB62C1A89A836213 /* Pairing */,
			);
			path = Services;
			sourceTree = "<group>";
		};
		74A937DEDB62C1A89A836213 /* Pairing */ = {
			isa = PBXGroup;
			children = (
				65CD4AB6BAD7C7F68D06C90B /* BLEPairingService.swift */,
				CC6207D4F969FB00792BF03E /* MultipeerService.swift */,
				015C65A9D45E6EFCA7BD5458 /* TCPSignalingService.swift */,
			);
			path = Pairing;
			sourceTree = "<group>";
		};
		7E06ACC5AD3D475900C5C221 = {
			isa = PBXGroup;
			children = (
				96EEA14A1B137370C9557424 /* Sources */,
				814E4153F9895B2C7D777737 /* Products */,
			);
			sourceTree = "<group>";
		};
		814E4153F9895B2C7D777737 /* Products */ = {
			isa = PBXGroup;
			children = (
				181131D2327996FED85F5D37 /* WAWARide.app */,
			);
			name = Products;
			sourceTree = "<group>";
		};
		8F26B5C17C9E579160331C6E /* ViewModels */ = {
			isa = PBXGroup;
			children = (
				D90FB24CE9055BD88988A815 /* RideViewModel.swift */,
			);
			path = ViewModels;
			sourceTree = "<group>";
		};
		96EEA14A1B137370C9557424 /* Sources */ = {
			isa = PBXGroup;
			children = (
				532F787721F0BF0B3DC27772 /* App */,
				C26220262643B9549179B28F /* Config */,
				EAC847DFAEDC33B1B70B7E10 /* Models */,
				309424743B3BD121B07A5E0A /* Resources */,
				54E4FEF9804F3A32C917BEC2 /* Services */,
				8F26B5C17C9E579160331C6E /* ViewModels */,
				E70211129BF1CCB6B31D2263 /* Views */,
			);
			path = Sources;
			sourceTree = "<group>";
		};
		C26220262643B9549179B28F /* Config */ = {
			isa = PBXGroup;
			children = (
				F5FC95C07A311F8F6B91C58C /* TURNConfig.plist */,
				E752C239C52141427D8EAEBC /* TURNConfig.swift */,
				3B6EEAF46AA287F77DAC5076 /* TURNConfig.template.plist */,
				A37F74426E4DE5C2432F97BF /* TURNSecrets.generated.swift */,
			);
			path = Config;
			sourceTree = "<group>";
		};
		C2C80D192D7D3C826E45A30B /* Communication */ = {
			isa = PBXGroup;
			children = (
				013AC7E5AAA8188239AA3F27 /* WebRTCService.swift */,
			);
			path = Communication;
			sourceTree = "<group>";
		};
		E70211129BF1CCB6B31D2263 /* Views */ = {
			isa = PBXGroup;
			children = (
				29280EDB473BF28C4106DF45 /* ContentView.swift */,
				B7D3AA6C82F7CC18C29A8BC6 /* DebugOverlay.swift */,
				0F58E122763AB75E8E506E6B /* MapView.swift */,
				2B316CE9B1A13F03D876F2FE /* PairingView.swift */,
			);
			path = Views;
			sourceTree = "<group>";
		};
		EAC847DFAEDC33B1B70B7E10 /* Models */ = {
			isa = PBXGroup;
			children = (
				954BAC02E44D05C6A12DFED3 /* LocationUpdate.swift */,
				7630C62A26E804AE8BE7A937 /* PeerIdentity.swift */,
				62B0D06A7D287498E7F6E927 /* RideGroup.swift */,
				26FD5C640B481B968070BFC5 /* Rider.swift */,
			);
			path = Models;
			sourceTree = "<group>";
		};
		F57E188DE2DAB681871017FF /* Location */ = {
			isa = PBXGroup;
			children = (
				4E3D444A40FD0F9516E489F9 /* LocationService.swift */,
			);
			path = Location;
			sourceTree = "<group>";
		};
/* End PBXGroup section */

/* Begin PBXNativeTarget section */
		43061D48CAE6F9A1C5F0B28D /* WAWARide */ = {
			isa = PBXNativeTarget;
			buildConfigurationList = 7B8F69CC4A64253240F5EFF3 /* Build configuration list for PBXNativeTarget "WAWARide" */;
			buildPhases = (
				D85BF80BCFAD553CBA6FADD3 /* Generate TURNSecrets from plist */,
				355F13F782AD37442A1F8F59 /* SwiftLint */,
				92F95C37D42D65B4498BD475 /* Sources */,
				2FD31904384BE1580AE33966 /* Resources */,
				457F39CA74AA32853D2DCC7A /* Frameworks */,
				D55CB70FF55ACBA61A1F1F60 /* Copy .env to Bundle */,
			);
			buildRules = (
			);
			dependencies = (
			);
			name = WAWARide;
			packageProductDependencies = (
				33FCCF124F4B1B682DB61958 /* WebRTC */,
			);
			productName = WAWARide;
			productReference = 181131D2327996FED85F5D37 /* WAWARide.app */;
			productType = "com.apple.product-type.application";
		};
/* End PBXNativeTarget section */

/* Begin PBXProject section */
		FFEC093283D6ACD0772DEB17 /* Project object */ = {
			isa = PBXProject;
			attributes = {
				BuildIndependentTargetsInParallel = YES;
				LastUpgradeCheck = 2600;
				TargetAttributes = {
					43061D48CAE6F9A1C5F0B28D = {
						DevelopmentTeam = 955573A4YH;
						ProvisioningStyle = Automatic;
					};
				};
			};
			buildConfigurationList = DF1289AD8C85C1C24ECCC479 /* Build configuration list for PBXProject "WAWARide" */;
			developmentRegion = en;
			hasScannedForEncodings = 0;
			knownRegions = (
				Base,
				en,
			);
			mainGroup = 7E06ACC5AD3D475900C5C221;
			minimizedProjectReferenceProxies = 1;
			packageReferences = (
				6A025C20771071AB8EEDA96E /* XCRemoteSwiftPackageReference "WebRTC" */,
			);
			preferredProjectObjectVersion = 77;
			productRefGroup = 814E4153F9895B2C7D777737 /* Products */;
			projectDirPath = "";
			projectRoot = "";
			targets = (
				43061D48CAE6F9A1C5F0B28D /* WAWARide */,
			);
		};
/* End PBXProject section */

/* Begin PBXResourcesBuildPhase section */
		2FD31904384BE1580AE33966 /* Resources */ = {
			isa = PBXResourcesBuildPhase;
			buildActionMask = 2147483647;
			files = (
				40BDE54E46A5992F259DC7B1 /* Assets.xcassets in Resources */,
				C40CEBDC3C9CC6F415A5B4EE /* TURNConfig.plist in Resources */,
				D7573C0A47C5A7F807D88885 /* TURNConfig.template.plist in Resources */,
			);
			runOnlyForDeploymentPostprocessing = 0;
		};
/* End PBXResourcesBuildPhase section */

/* Begin PBXShellScriptBuildPhase section */
		355F13F782AD37442A1F8F59 /* SwiftLint */ = {
			isa = PBXShellScriptBuildPhase;
			alwaysOutOfDate = 1;
			buildActionMask = 2147483647;
			files = (
			);
			inputFileListPaths = (
			);
			inputPaths = (
			);
			name = SwiftLint;
			outputFileListPaths = (
			);
			outputPaths = (
			);
			runOnlyForDeploymentPostprocessing = 0;
			shellPath = /bin/sh;
			shellScript = "if which swiftlint > /dev/null; then\n  swiftlint --quiet\nfi\n";
		};
		D55CB70FF55ACBA61A1F1F60 /* Copy .env to Bundle */ = {
			isa = PBXShellScriptBuildPhase;
			alwaysOutOfDate = 1;
			buildActionMask = 2147483647;
			files = (
			);
			inputFileListPaths = (
			);
			inputPaths = (
			);
			name = "Copy .env to Bundle";
			outputFileListPaths = (
			);
			outputPaths = (
			);
			runOnlyForDeploymentPostprocessing = 0;
			shellPath = /bin/sh;
			shellScript = "if [ -f \"${SRCROOT}/../.env\" ]; then\n  cp \"${SRCROOT}/../.env\" \"${BUILT_PRODUCTS_DIR}/${PRODUCT_NAME}.app/.env\"\nfi\n";
		};
		D85BF80BCFAD553CBA6FADD3 /* Generate TURNSecrets from plist */ = {
			isa = PBXShellScriptBuildPhase;
			alwaysOutOfDate = 1;
			buildActionMask = 2147483647;
			files = (
			);
			inputFileListPaths = (
			);
			inputPaths = (
			);
			name = "Generate TURNSecrets from plist";
			outputFileListPaths = (
			);
			outputPaths = (
			);
			runOnlyForDeploymentPostprocessing = 0;
			shellPath = /bin/sh;
			shellScript = "bash \"${SRCROOT}/Scripts/generate-turn-secrets.sh\"";
		};
/* End PBXShellScriptBuildPhase section */

/* Begin PBXSourcesBuildPhase section */
		92F95C37D42D65B4498BD475 /* Sources */ = {
			isa = PBXSourcesBuildPhase;
			buildActionMask = 2147483647;
			files = (
				297092996ECCE8C5B24B0B9C /* AppLogger.swift in Sources */,
				592768579C6280F6CBC857FC /* BLEPairingService.swift in Sources */,
				FAE5BEFA3D912C8ABDD6EA4A /* ContentView.swift in Sources */,
				CF9525FC875F0B16814AC628 /* DebugOverlay.swift in Sources */,
				3404A754C40DF4CE01FEF191 /* LocationService.swift in Sources */,
				62C9B2B06EC28D2C94322EBB /* LocationUpdate.swift in Sources */,
				9AEF0461F58793093769C5DE /* LogServer.swift in Sources */,
				DEDE946E5C1AFEEB20B4B108 /* MapView.swift in Sources */,
				44A8C3A935B92010DC8122AF /* MultipeerService.swift in Sources */,
				5A824FBDD746384D07937599 /* PairingView.swift in Sources */,
				C5D4F718FE3D6E5F9B20D6D7 /* PeerIdentity.swift in Sources */,
				30B7E9D375164C80D3BA7102 /* RideGroup.swift in Sources */,
				F6CF1ED6292E859AEE85DD0A /* RideViewModel.swift in Sources */,
				44390CA654A1048366169A9F /* Rider.swift in Sources */,
				A68CE5214DDEF00BBB0CB9C5 /* TCPSignalingService.swift in Sources */,
				C5AE25367E9F723F5DEB67AC /* TURNConfig.swift in Sources */,
				12679B036CE206C31031872F /* TURNSecrets.generated.swift in Sources */,
				7FD2E7043CF44B04EBFC63EA /* WAWARideApp.swift in Sources */,
				47ECA99070DF738E9C8A506F /* WebRTCService.swift in Sources */,
			);
			runOnlyForDeploymentPostprocessing = 0;
		};
/* End PBXSourcesBuildPhase section */

/* Begin XCBuildConfiguration section */
		0359300A59FA4A63D3336D34 /* Release */ = {
			isa = XCBuildConfiguration;
			buildSettings = {
				ASSETCATALOG_COMPILER_APPICON_NAME = AppIcon;
				CODE_SIGN_ENTITLEMENTS = Sources/Resources/WAWARide.entitlements;
				CODE_SIGN_IDENTITY = "iPhone Developer";
				CODE_SIGN_STYLE = Automatic;
				DEVELOPMENT_TEAM = 955573A4YH;
				ENABLE_USER_SCRIPT_SANDBOXING = NO;
				INFOPLIST_FILE = Sources/Resources/Info.plist;
				LD_RUNPATH_SEARCH_PATHS = (
					"$(inherited)",
					"@executable_path/Frameworks",
				);
				PRODUCT_BUNDLE_IDENTIFIER = com.wawaride.app;
				SDKROOT = iphoneos;
				TARGETED_DEVICE_FAMILY = "1,2";
			};
			name = Release;
		};
		090A8FE737C0D3AF4FF7FEF5 /* Release */ = {
			isa = XCBuildConfiguration;
			buildSettings = {
				ALWAYS_SEARCH_USER_PATHS = NO;
				CLANG_ANALYZER_NONNULL = YES;
				CLANG_ANALYZER_NUMBER_OBJECT_CONVERSION = YES_AGGRESSIVE;
				CLANG_CXX_LANGUAGE_STANDARD = "gnu++14";
				CLANG_CXX_LIBRARY = "libc++";
				CLANG_ENABLE_MODULES = YES;
				CLANG_ENABLE_OBJC_ARC = YES;
				CLANG_ENABLE_OBJC_WEAK = YES;
				CLANG_WARN_BLOCK_CAPTURE_AUTORELEASING = YES;
				CLANG_WARN_BOOL_CONVERSION = YES;
				CLANG_WARN_COMMA = YES;
				CLANG_WARN_CONSTANT_CONVERSION = YES;
				CLANG_WARN_DEPRECATED_OBJC_IMPLEMENTATIONS = YES;
				CLANG_WARN_DIRECT_OBJC_ISA_USAGE = YES_ERROR;
				CLANG_WARN_DOCUMENTATION_COMMENTS = YES;
				CLANG_WARN_EMPTY_BODY = YES;
				CLANG_WARN_ENUM_CONVERSION = YES;
				CLANG_WARN_INFINITE_RECURSION = YES;
				CLANG_WARN_INT_CONVERSION = YES;
				CLANG_WARN_NON_LITERAL_NULL_CONVERSION = YES;
				CLANG_WARN_OBJC_IMPLICIT_RETAIN_SELF = YES;
				CLANG_WARN_OBJC_LITERAL_CONVERSION = YES;
				CLANG_WARN_OBJC_ROOT_CLASS = YES_ERROR;
				CLANG_WARN_QUOTED_INCLUDE_IN_FRAMEWORK_HEADER = YES;
				CLANG_WARN_RANGE_LOOP_ANALYSIS = YES;
				CLANG_WARN_STRICT_PROTOTYPES = YES;
				CLANG_WARN_SUSPICIOUS_MOVE = YES;
				CLANG_WARN_UNGUARDED_AVAILABILITY = YES_AGGRESSIVE;
				CLANG_WARN_UNREACHABLE_CODE = YES;
				CLANG_WARN__DUPLICATE_METHOD_MATCH = YES;
				COPY_PHASE_STRIP = NO;
				DEBUG_INFORMATION_FORMAT = "dwarf-with-dsym";
				DEVELOPMENT_ASSET_PATHS = "";
				ENABLE_NS_ASSERTIONS = NO;
				ENABLE_STRICT_OBJC_MSGSEND = YES;
				GCC_C_LANGUAGE_STANDARD = gnu11;
				GCC_NO_COMMON_BLOCKS = YES;
				GCC_WARN_64_TO_32_BIT_CONVERSION = YES;
				GCC_WARN_ABOUT_RETURN_TYPE = YES_ERROR;
				GCC_WARN_UNDECLARED_SELECTOR = YES;
				GCC_WARN_UNINITIALIZED_AUTOS = YES_AGGRESSIVE;
				GCC_WARN_UNUSED_FUNCTION = YES;
				GCC_WARN_UNUSED_VARIABLE = YES;
				INFOPLIST_FILE = Sources/Resources/Info.plist;
				IPHONEOS_DEPLOYMENT_TARGET = 18.0;
				MTL_ENABLE_DEBUG_INFO = NO;
				MTL_FAST_MATH = YES;
				PRODUCT_NAME = "$(TARGET_NAME)";
				SDKROOT = iphoneos;
				SWIFT_COMPILATION_MODE = wholemodule;
				SWIFT_OPTIMIZATION_LEVEL = "-O";
				SWIFT_VERSION = 6.0;
				TARGETED_DEVICE_FAMILY = 1;
			};
			name = Release;
		};
		6860CC631208852B601C5806 /* Debug */ = {
			isa = XCBuildConfiguration;
			buildSettings = {
				ALWAYS_SEARCH_USER_PATHS = NO;
				CLANG_ANALYZER_NONNULL = YES;
				CLANG_ANALYZER_NUMBER_OBJECT_CONVERSION = YES_AGGRESSIVE;
				CLANG_CXX_LANGUAGE_STANDARD = "gnu++14";
				CLANG_CXX_LIBRARY = "libc++";
				CLANG_ENABLE_MODULES = YES;
				CLANG_ENABLE_OBJC_ARC = YES;
				CLANG_ENABLE_OBJC_WEAK = YES;
				CLANG_WARN_BLOCK_CAPTURE_AUTORELEASING = YES;
				CLANG_WARN_BOOL_CONVERSION = YES;
				CLANG_WARN_COMMA = YES;
				CLANG_WARN_CONSTANT_CONVERSION = YES;
				CLANG_WARN_DEPRECATED_OBJC_IMPLEMENTATIONS = YES;
				CLANG_WARN_DIRECT_OBJC_ISA_USAGE = YES_ERROR;
				CLANG_WARN_DOCUMENTATION_COMMENTS = YES;
				CLANG_WARN_EMPTY_BODY = YES;
				CLANG_WARN_ENUM_CONVERSION = YES;
				CLANG_WARN_INFINITE_RECURSION = YES;
				CLANG_WARN_INT_CONVERSION = YES;
				CLANG_WARN_NON_LITERAL_NULL_CONVERSION = YES;
				CLANG_WARN_OBJC_IMPLICIT_RETAIN_SELF = YES;
				CLANG_WARN_OBJC_LITERAL_CONVERSION = YES;
				CLANG_WARN_OBJC_ROOT_CLASS = YES_ERROR;
				CLANG_WARN_QUOTED_INCLUDE_IN_FRAMEWORK_HEADER = YES;
				CLANG_WARN_RANGE_LOOP_ANALYSIS = YES;
				CLANG_WARN_STRICT_PROTOTYPES = YES;
				CLANG_WARN_SUSPICIOUS_MOVE = YES;
				CLANG_WARN_UNGUARDED_AVAILABILITY = YES_AGGRESSIVE;
				CLANG_WARN_UNREACHABLE_CODE = YES;
				CLANG_WARN__DUPLICATE_METHOD_MATCH = YES;
				COPY_PHASE_STRIP = NO;
				DEBUG_INFORMATION_FORMAT = dwarf;
				DEVELOPMENT_ASSET_PATHS = "";
				ENABLE_STRICT_OBJC_MSGSEND = YES;
				ENABLE_TESTABILITY = YES;
				GCC_C_LANGUAGE_STANDARD = gnu11;
				GCC_DYNAMIC_NO_PIC = NO;
				GCC_NO_COMMON_BLOCKS = YES;
				GCC_OPTIMIZATION_LEVEL = 0;
				GCC_PREPROCESSOR_DEFINITIONS = (
					"$(inherited)",
					"DEBUG=1",
				);
				GCC_WARN_64_TO_32_BIT_CONVERSION = YES;
				GCC_WARN_ABOUT_RETURN_TYPE = YES_ERROR;
				GCC_WARN_UNDECLARED_SELECTOR = YES;
				GCC_WARN_UNINITIALIZED_AUTOS = YES_AGGRESSIVE;
				GCC_WARN_UNUSED_FUNCTION = YES;
				GCC_WARN_UNUSED_VARIABLE = YES;
				INFOPLIST_FILE = Sources/Resources/Info.plist;
				IPHONEOS_DEPLOYMENT_TARGET = 18.0;
				MTL_ENABLE_DEBUG_INFO = INCLUDE_SOURCE;
				MTL_FAST_MATH = YES;
				ONLY_ACTIVE_ARCH = YES;
				PRODUCT_NAME = "$(TARGET_NAME)";
				SDKROOT = iphoneos;
				SWIFT_ACTIVE_COMPILATION_CONDITIONS = DEBUG;
				SWIFT_OPTIMIZATION_LEVEL = "-Onone";
				SWIFT_VERSION = 6.0;
				TARGETED_DEVICE_FAMILY = 1;
			};
			name = Debug;
		};
		B7F5CADB8EA29835CD739228 /* Debug */ = {
			isa = XCBuildConfiguration;
			buildSettings = {
				ASSETCATALOG_COMPILER_APPICON_NAME = AppIcon;
				CODE_SIGN_ENTITLEMENTS = Sources/Resources/WAWARide.entitlements;
				CODE_SIGN_IDENTITY = "iPhone Developer";
				CODE_SIGN_STYLE = Automatic;
				DEVELOPMENT_TEAM = 955573A4YH;
				ENABLE_USER_SCRIPT_SANDBOXING = NO;
				INFOPLIST_FILE = Sources/Resources/Info.plist;
				LD_RUNPATH_SEARCH_PATHS = (
					"$(inherited)",
					"@executable_path/Frameworks",
				);
				PRODUCT_BUNDLE_IDENTIFIER = com.wawaride.app;
				SDKROOT = iphoneos;
				TARGETED_DEVICE_FAMILY = "1,2";
			};
			name = Debug;
		};
/* End XCBuildConfiguration section */

/* Begin XCConfigurationList section */
		7B8F69CC4A64253240F5EFF3 /* Build configuration list for PBXNativeTarget "WAWARide" */ = {
			isa = XCConfigurationList;
			buildConfigurations = (
				B7F5CADB8EA29835CD739228 /* Debug */,
				0359300A59FA4A63D3336D34 /* Release */,
			);
			defaultConfigurationIsVisible = 0;
			defaultConfigurationName = Debug;
		};
		DF1289AD8C85C1C24ECCC479 /* Build configuration list for PBXProject "WAWARide" */ = {
			isa = XCConfigurationList;
			buildConfigurations = (
				6860CC631208852B601C5806 /* Debug */,
				090A8FE737C0D3AF4FF7FEF5 /* Release */,
			);
			defaultConfigurationIsVisible = 0;
			defaultConfigurationName = Debug;
		};
/* End XCConfigurationList section */

/* Begin XCRemoteSwiftPackageReference section */
		6A025C20771071AB8EEDA96E /* XCRemoteSwiftPackageReference "WebRTC" */ = {
			isa = XCRemoteSwiftPackageReference;
			repositoryURL = "https://github.com/stasel/WebRTC.git";
			requirement = {
				kind = upToNextMajorVersion;
				minimumVersion = 134.0.0;
			};
		};
/* End XCRemoteSwiftPackageReference section */

/* Begin XCSwiftPackageProductDependency section */
		33FCCF124F4B1B682DB61958 /* WebRTC */ = {
			isa = XCSwiftPackageProductDependency;
			package = 6A025C20771071AB8EEDA96E /* XCRemoteSwiftPackageReference "WebRTC" */;
			productName = WebRTC;
		};
/* End XCSwiftPackageProductDependency section */
	};
	rootObject = FFEC093283D6ACD0772DEB17 /* Project object */;
}
