// !$*UTF8*$!
{
	archiveVersion = 1;
	classes = {
	};
	objectVersion = 77;
	objects = {

/* Begin PBXBuildFile section */
		0276F3D9505BC138CAB38965 /* WawaRideApp.swift in Sources */ = {isa = PBXBuildFile; fileRef = 544A169A8314145C3343D0E3 /* WawaRideApp.swift */; };
		07EB5E971A71AA87E9007682 /* MeshConstants.swift in Sources */ = {isa = PBXBuildFile; fileRef = 8E2F58521FE85F23C65616AB /* MeshConstants.swift */; };
		0B8D0E233535BEEF394D11E9 /* WaitingView.swift in Sources */ = {isa = PBXBuildFile; fileRef = 91E82371385CF75EC2DCBFF8 /* WaitingView.swift */; };
		10155B88312BA3ADCB24407D /* BinaryEncodingUtils.swift in Sources */ = {isa = PBXBuildFile; fileRef = 7809A7C68E1FB41D0A6B6FC8 /* BinaryEncodingUtils.swift */; };
		133053F485D5DEFAA122727D /* KeychainManagerProtocol.swift in Sources */ = {isa = PBXBuildFile; fileRef = 2AAF9CD83912158543232B23 /* KeychainManagerProtocol.swift */; };
		13A60254A609C3FA40D658B6 /* BinaryProtocol.swift in Sources */ = {isa = PBXBuildFile; fileRef = 99393642C679DE5D54689ACC /* BinaryProtocol.swift */; };
		200F35C5C54A81069D3D739C /* WawaObject.swift in Sources */ = {isa = PBXBuildFile; fileRef = 54535268658418FC49D23321 /* WawaObject.swift */; };
		203CA094777B3D160314FCD9 /* OSLog+Categories.swift in Sources */ = {isa = PBXBuildFile; fileRef = F7B0F1CF9F6318046FDFEEA1 /* OSLog+Categories.swift */; };
		211C09C2BEE9398FCB5699CB /* Data+Hex.swift in Sources */ = {isa = PBXBuildFile; fileRef = C507511C92DBFA30DED82F75 /* Data+Hex.swift */; };
		2476B42324FEC3B71D3EA59C /* SmartLocationTracker.swift in Sources */ = {isa = PBXBuildFile; fileRef = C2A296D3553C605D00CD69D1 /* SmartLocationTracker.swift */; };
		266644C15489F4693B8E79BD /* MeshStatusView.swift in Sources */ = {isa = PBXBuildFile; fileRef = 505A4B75932C17D64D79B82B /* MeshStatusView.swift */; };
		281E44F03EA75739CA276163 /* CompressionUtil.swift in Sources */ = {isa = PBXBuildFile; fileRef = A0D3FD1D4F4194254528EFF8 /* CompressionUtil.swift */; };
		2B7B28EECF32FBDD8F0F2F26 /* Constants.swift in Sources */ = {isa = PBXBuildFile; fileRef = ACE4FFD968080579087C5B79 /* Constants.swift */; };
		3352E0E7F3A49EA97FAC988D /* RideState.swift in Sources */ = {isa = PBXBuildFile; fileRef = 69927ADE3F6ECB4AD8C2A49C /* RideState.swift */; };
		342AA7E4CB3571727C4BD800 /* SmartMapView.swift in Sources */ = {isa = PBXBuildFile; fileRef = E8C87E485C6506B7ACF28268 /* SmartMapView.swift */; };
		375F7AE3AF24F97755866DDF /* DeliveryStatus.swift in Sources */ = {isa = PBXBuildFile; fileRef = 46D916DD380528C9EA62DF29 /* DeliveryStatus.swift */; };
		3E828D4AB0D0E3BAD3F59A1E /* MapCache in Frameworks */ = {isa = PBXBuildFile; productRef = 30B4707CA2948B5ECA28D43C /* MapCache */; };
		492A950C119F19D8F28B0A92 /* BitchatMessage.swift in Sources */ = {isa = PBXBuildFile; fileRef = A034B46138D714B07E25AC7D /* BitchatMessage.swift */; };
		4A6561B2122485F3F386C679 /* MessageType.swift in Sources */ = {isa = PBXBuildFile; fileRef = A0628C41A187F35B59E78AEC /* MessageType.swift */; };
		4BC1C99856EACE953528217E /* WawaContext.swift in Sources */ = {isa = PBXBuildFile; fileRef = 775C89811DA31175332DFC90 /* WawaContext.swift */; };
		5403AE2AC874BC3FF7C08176 /* CompactLocation.swift in Sources */ = {isa = PBXBuildFile; fileRef = EA2098B64528998EBC24280A /* CompactLocation.swift */; };
		5ECEB468B09726378E5D1852 /* MeshBLEService.swift in Sources */ = {isa = PBXBuildFile; fileRef = D18F975984CF636A40785D0B /* MeshBLEService.swift */; };
		66B6F3AD63560DF8EB32D295 /* FragmentCodec.swift in Sources */ = {isa = PBXBuildFile; fileRef = F9811FF0F9B4C8D7F5C8BEDE /* FragmentCodec.swift */; };
		67A811AFA569B1D833D796CC /* CreateRideView.swift in Sources */ = {isa = PBXBuildFile; fileRef = A86B949887368F904D0E4C05 /* CreateRideView.swift */; };
		6AD95A59B85EB598CF8921C3 /* WawaIdentifier.swift in Sources */ = {isa = PBXBuildFile; fileRef = C56F96C7839C41C3B39C482F /* WawaIdentifier.swift */; };
		6D65D5866AA6F5B454DC04C2 /* JCS.swift in Sources */ = {isa = PBXBuildFile; fileRef = 2A4E7ADAB8C88BE39B175734 /* JCS.swift */; };
		7CFAAE7D92035F5FDD52104A /* WawaProof.swift in Sources */ = {isa = PBXBuildFile; fileRef = 3C332149494BAE6361A16C23 /* WawaProof.swift */; };
		89CFFA6EEA10404887490E4D /* WawaDecoder.swift in Sources */ = {isa = PBXBuildFile; fileRef = C716EF77C923F16F44C2A79E /* WawaDecoder.swift */; };
		8D407B61A16F96802D15EEB7 /* Data+SHA256.swift in Sources */ = {isa = PBXBuildFile; fileRef = 7ECD0233F3AC54BD1DD60969 /* Data+SHA256.swift */; };
		8D5B9F8083B5FC37F03C0C43 /* SecureLogger.swift in Sources */ = {isa = PBXBuildFile; fileRef = 00F7EB6126942F516DB422B7 /* SecureLogger.swift */; };
		8DA2F4CD42892AFCD6BEE88A /* String+Ext.swift in Sources */ = {isa = PBXBuildFile; fileRef = 42A42FFBD2F87BA1DBC1ACD2 /* String+Ext.swift */; };
		9311E7407EEF1AE00991EFC3 /* LocationTracker.swift in Sources */ = {isa = PBXBuildFile; fileRef = 4CB43A508B13317AA7949285 /* LocationTracker.swift */; };
		A4C87F3C1B91E851EF222AF8 /* Assets.xcassets in Resources */ = {isa = PBXBuildFile; fileRef = DEC2F46D69908E883AA8DC28 /* Assets.xcassets */; };
		AD82EE756E45E6F4C5B884CD /* WawaValue.swift in Sources */ = {isa = PBXBuildFile; fileRef = D0E0A242319F16D0F88C8235 /* WawaValue.swift */; };
		B8108FFA4CCA1A08B5CC599A /* WawaEncoder.swift in Sources */ = {isa = PBXBuildFile; fileRef = 0EACE624DCF027E4C6912FA8 /* WawaEncoder.swift */; };
		BBEF496B0B5EB80B89543BCA /* MessageDeduplicator.swift in Sources */ = {isa = PBXBuildFile; fileRef = E2521893DEF13A9B85A9AB0D /* MessageDeduplicator.swift */; };
		BCA704A4FCC71DDCCBE618C0 /* OfflineTileManager.swift in Sources */ = {isa = PBXBuildFile; fileRef = 4A062A271A1EDC79CF8EA4CB /* OfflineTileManager.swift */; };
		BFBE536479773BD3CB30E048 /* PeerID.swift in Sources */ = {isa = PBXBuildFile; fileRef = B216465A6863DB0B0D422A7D /* PeerID.swift */; };
		D7163CC7A09CE6CD8538C961 /* RideMainView.swift in Sources */ = {isa = PBXBuildFile; fileRef = D1058AE0D7EE3A7C2D466345 /* RideMainView.swift */; };
		D924F4F9452A6ABDA1CB5FC0 /* FileTransferLimits.swift in Sources */ = {isa = PBXBuildFile; fileRef = 6BB67499DE2B88A319B849A4 /* FileTransferLimits.swift */; };
		DB754A133B2116CD6D53D392 /* String+Sanitization.swift in Sources */ = {isa = PBXBuildFile; fileRef = C17814C19A672CD001B12884 /* String+Sanitization.swift */; };
		ED266938637DA0D62B45A077 /* MediaObject.swift in Sources */ = {isa = PBXBuildFile; fileRef = 5FD9C7916A994628D6AF1A55 /* MediaObject.swift */; };
		EF2117ADAF29A5994F19F85A /* BitchatPacket.swift in Sources */ = {isa = PBXBuildFile; fileRef = 42B484C3155C2140FABFCB07 /* BitchatPacket.swift */; };
		F98AA27A278BD59E79F769B1 /* MessagePadding.swift in Sources */ = {isa = PBXBuildFile; fileRef = 5024207646D420E4115AB14E /* MessagePadding.swift */; };
		F9E788DD87AE497593577AEE /* MeshService.swift in Sources */ = {isa = PBXBuildFile; fileRef = 11CC007E68AE7320F38167CC /* MeshService.swift */; };
		FE2632C79CE6D0C970ADCA97 /* Place.swift in Sources */ = {isa = PBXBuildFile; fileRef = 83D8D111A5C229A647C40F43 /* Place.swift */; };
		FFE76EE246B5FD321A9F24A9 /* LocationPayload.swift in Sources */ = {isa = PBXBuildFile; fileRef = FAFC75A04B75A98C38F18124 /* LocationPayload.swift */; };
/* End PBXBuildFile section */

/* Begin PBXFileReference section */
		00F7EB6126942F516DB422B7 /* SecureLogger.swift */ = {isa = PBXFileReference; lastKnownFileType = sourcecode.swift; path = SecureLogger.swift; sourceTree = "<group>"; };
		0EACE624DCF027E4C6912FA8 /* WawaEncoder.swift */ = {isa = PBXFileReference; lastKnownFileType = sourcecode.swift; path = WawaEncoder.swift; sourceTree = "<group>"; };
		11CC007E68AE7320F38167CC /* MeshService.swift */ = {isa = PBXFileReference; lastKnownFileType = sourcecode.swift; path = MeshService.swift; sourceTree = "<group>"; };
		181131D2327996FED85F5D37 /* WAWARide.app */ = {isa = PBXFileReference; includeInIndex = 0; lastKnownFileType = wrapper.application; path = WAWARide.app; sourceTree = BUILT_PRODUCTS_DIR; };
		2A4E7ADAB8C88BE39B175734 /* JCS.swift */ = {isa = PBXFileReference; lastKnownFileType = sourcecode.swift; path = JCS.swift; sourceTree = "<group>"; };
		2AAF9CD83912158543232B23 /* KeychainManagerProtocol.swift */ = {isa = PBXFileReference; lastKnownFileType = sourcecode.swift; path = KeychainManagerProtocol.swift; sourceTree = "<group>"; };
		3C332149494BAE6361A16C23 /* WawaProof.swift */ = {isa = PBXFileReference; lastKnownFileType = sourcecode.swift; path = WawaProof.swift; sourceTree = "<group>"; };
		42A42FFBD2F87BA1DBC1ACD2 /* String+Ext.swift */ = {isa = PBXFileReference; lastKnownFileType = sourcecode.swift; path = "String+Ext.swift"; sourceTree = "<group>"; };
		42B484C3155C2140FABFCB07 /* BitchatPacket.swift */ = {isa = PBXFileReference; lastKnownFileType = sourcecode.swift; path = BitchatPacket.swift; sourceTree = "<group>"; };
		46D916DD380528C9EA62DF29 /* DeliveryStatus.swift */ = {isa = PBXFileReference; lastKnownFileType = sourcecode.swift; path = DeliveryStatus.swift; sourceTree = "<group>"; };
		4A062A271A1EDC79CF8EA4CB /* OfflineTileManager.swift */ = {isa = PBXFileReference; lastKnownFileType = sourcecode.swift; path = OfflineTileManager.swift; sourceTree = "<group>"; };
		4CB43A508B13317AA7949285 /* LocationTracker.swift */ = {isa = PBXFileReference; lastKnownFileType = sourcecode.swift; path = LocationTracker.swift; sourceTree = "<group>"; };
		5024207646D420E4115AB14E /* MessagePadding.swift */ = {isa = PBXFileReference; lastKnownFileType = sourcecode.swift; path = MessagePadding.swift; sourceTree = "<group>"; };
		505A4B75932C17D64D79B82B /* MeshStatusView.swift */ = {isa = PBXFileReference; lastKnownFileType = sourcecode.swift; path = MeshStatusView.swift; sourceTree = "<group>"; };
		544A169A8314145C3343D0E3 /* WawaRideApp.swift */ = {isa = PBXFileReference; lastKnownFileType = sourcecode.swift; path = WawaRideApp.swift; sourceTree = "<group>"; };
		54535268658418FC49D23321 /* WawaObject.swift */ = {isa = PBXFileReference; lastKnownFileType = sourcecode.swift; path = WawaObject.swift; sourceTree = "<group>"; };
		5FD9C7916A994628D6AF1A55 /* MediaObject.swift */ = {isa = PBXFileReference; lastKnownFileType = sourcecode.swift; path = MediaObject.swift; sourceTree = "<group>"; };
		69927ADE3F6ECB4AD8C2A49C /* RideState.swift */ = {isa = PBXFileReference; lastKnownFileType = sourcecode.swift; path = RideState.swift; sourceTree = "<group>"; };
		6BB67499DE2B88A319B849A4 /* FileTransferLimits.swift */ = {isa = PBXFileReference; lastKnownFileType = sourcecode.swift; path = FileTransferLimits.swift; sourceTree = "<group>"; };
		775C89811DA31175332DFC90 /* WawaContext.swift */ = {isa = PBXFileReference; lastKnownFileType = sourcecode.swift; path = WawaContext.swift; sourceTree = "<group>"; };
		7809A7C68E1FB41D0A6B6FC8 /* BinaryEncodingUtils.swift */ = {isa = PBXFileReference; lastKnownFileType = sourcecode.swift; path = BinaryEncodingUtils.swift; sourceTree = "<group>"; };
		7ECD0233F3AC54BD1DD60969 /* Data+SHA256.swift */ = {isa = PBXFileReference; lastKnownFileType = sourcecode.swift; path = "Data+SHA256.swift"; sourceTree = "<group>"; };
		83D8D111A5C229A647C40F43 /* Place.swift */ = {isa = PBXFileReference; lastKnownFileType = sourcecode.swift; path = Place.swift; sourceTree = "<group>"; };
		8E2F58521FE85F23C65616AB /* MeshConstants.swift */ = {isa = PBXFileReference; lastKnownFileType = sourcecode.swift; path = MeshConstants.swift; sourceTree = "<group>"; };
		8F83F2DE765904DAA79FB888 /* Info.plist */ = {isa = PBXFileReference; lastKnownFileType = text.plist; path = Info.plist; sourceTree = "<group>"; };
		91E82371385CF75EC2DCBFF8 /* WaitingView.swift */ = {isa = PBXFileReference; lastKnownFileType = sourcecode.swift; path = WaitingView.swift; sourceTree = "<group>"; };
		99393642C679DE5D54689ACC /* BinaryProtocol.swift */ = {isa = PBXFileReference; lastKnownFileType = sourcecode.swift; path = BinaryProtocol.swift; sourceTree = "<group>"; };
		9999870E3266E9010D1B4BF9 /* WawaRide.entitlements */ = {isa = PBXFileReference; lastKnownFileType = text.plist.entitlements; path = WawaRide.entitlements; sourceTree = "<group>"; };
		A034B46138D714B07E25AC7D /* BitchatMessage.swift */ = {isa = PBXFileReference; lastKnownFileType = sourcecode.swift; path = BitchatMessage.swift; sourceTree = "<group>"; };
		A0628C41A187F35B59E78AEC /* MessageType.swift */ = {isa = PBXFileReference; lastKnownFileType = sourcecode.swift; path = MessageType.swift; sourceTree = "<group>"; };
		A0D3FD1D4F4194254528EFF8 /* CompressionUtil.swift */ = {isa = PBXFileReference; lastKnownFileType = sourcecode.swift; path = CompressionUtil.swift; sourceTree = "<group>"; };
		A86B949887368F904D0E4C05 /* CreateRideView.swift */ = {isa = PBXFileReference; lastKnownFileType = sourcecode.swift; path = CreateRideView.swift; sourceTree = "<group>"; };
		ACE4FFD968080579087C5B79 /* Constants.swift */ = {isa = PBXFileReference; lastKnownFileType = sourcecode.swift; path = Constants.swift; sourceTree = "<group>"; };
		B216465A6863DB0B0D422A7D /* PeerID.swift */ = {isa = PBXFileReference; lastKnownFileType = sourcecode.swift; path = PeerID.swift; sourceTree = "<group>"; };
		C17814C19A672CD001B12884 /* String+Sanitization.swift */ = {isa = PBXFileReference; lastKnownFileType = sourcecode.swift; path = "String+Sanitization.swift"; sourceTree = "<group>"; };
		C2A296D3553C605D00CD69D1 /* SmartLocationTracker.swift */ = {isa = PBXFileReference; lastKnownFileType = sourcecode.swift; path = SmartLocationTracker.swift; sourceTree = "<group>"; };
		C507511C92DBFA30DED82F75 /* Data+Hex.swift */ = {isa = PBXFileReference; lastKnownFileType = sourcecode.swift; path = "Data+Hex.swift"; sourceTree = "<group>"; };
		C56F96C7839C41C3B39C482F /* WawaIdentifier.swift */ = {isa = PBXFileReference; lastKnownFileType = sourcecode.swift; path = WawaIdentifier.swift; sourceTree = "<group>"; };
		C716EF77C923F16F44C2A79E /* WawaDecoder.swift */ = {isa = PBXFileReference; lastKnownFileType = sourcecode.swift; path = WawaDecoder.swift; sourceTree = "<group>"; };
		D0E0A242319F16D0F88C8235 /* WawaValue.swift */ = {isa = PBXFileReference; lastKnownFileType = sourcecode.swift; path = WawaValue.swift; sourceTree = "<group>"; };
		D1058AE0D7EE3A7C2D466345 /* RideMainView.swift */ = {isa = PBXFileReference; lastKnownFileType = sourcecode.swift; path = RideMainView.swift; sourceTree = "<group>"; };
		D18F975984CF636A40785D0B /* MeshBLEService.swift */ = {isa = PBXFileReference; lastKnownFileType = sourcecode.swift; path = MeshBLEService.swift; sourceTree = "<group>"; };
		DEC2F46D69908E883AA8DC28 /* Assets.xcassets */ = {isa = PBXFileReference; lastKnownFileType = folder.assetcatalog; path = Assets.xcassets; sourceTree = "<group>"; };
		E2521893DEF13A9B85A9AB0D /* MessageDeduplicator.swift */ = {isa = PBXFileReference; lastKnownFileType = sourcecode.swift; path = MessageDeduplicator.swift; sourceTree = "<group>"; };
		E8C87E485C6506B7ACF28268 /* SmartMapView.swift */ = {isa = PBXFileReference; lastKnownFileType = sourcecode.swift; path = SmartMapView.swift; sourceTree = "<group>"; };
		EA2098B64528998EBC24280A /* CompactLocation.swift */ = {isa = PBXFileReference; lastKnownFileType = sourcecode.swift; path = CompactLocation.swift; sourceTree = "<group>"; };
		F7B0F1CF9F6318046FDFEEA1 /* OSLog+Categories.swift */ = {isa = PBXFileReference; lastKnownFileType = sourcecode.swift; path = "OSLog+Categories.swift"; sourceTree = "<group>"; };
		F9811FF0F9B4C8D7F5C8BEDE /* FragmentCodec.swift */ = {isa = PBXFileReference; lastKnownFileType = sourcecode.swift; path = FragmentCodec.swift; sourceTree = "<group>"; };
		FAFC75A04B75A98C38F18124 /* LocationPayload.swift */ = {isa = PBXFileReference; lastKnownFileType = sourcecode.swift; path = LocationPayload.swift; sourceTree = "<group>"; };
/* End PBXFileReference section */

/* Begin PBXFrameworksBuildPhase section */
		457F39CA74AA32853D2DCC7A /* Frameworks */ = {
			isa = PBXFrameworksBuildPhase;
			buildActionMask = 2147483647;
			files = (
				3E828D4AB0D0E3BAD3F59A1E /* MapCache in Frameworks */,
			);
			runOnlyForDeploymentPostprocessing = 0;
		};
/* End PBXFrameworksBuildPhase section */

/* Begin PBXGroup section */
		22B4F0ABEA05BB8FBEE53161 /* BitLogger */ = {
			isa = PBXGroup;
			children = (
				F7B0F1CF9F6318046FDFEEA1 /* OSLog+Categories.swift */,
				00F7EB6126942F516DB422B7 /* SecureLogger.swift */,
				C17814C19A672CD001B12884 /* String+Sanitization.swift */,
			);
			name = BitLogger;
			path = Sources/BitLogger;
			sourceTree = "<group>";
		};
		2EBCBEA8AC1E134EC9FDB0F8 /* BLE */ = {
			isa = PBXGroup;
			children = (
				D18F975984CF636A40785D0B /* MeshBLEService.swift */,
			);
			path = BLE;
			sourceTree = "<group>";
		};
		3753D28C69E260DE96D32652 /* Packet */ = {
			isa = PBXGroup;
			children = (
				EA2098B64528998EBC24280A /* CompactLocation.swift */,
				F9811FF0F9B4C8D7F5C8BEDE /* FragmentCodec.swift */,
				FAFC75A04B75A98C38F18124 /* LocationPayload.swift */,
			);
			path = Packet;
			sourceTree = "<group>";
		};
		4B5F569FE00D84C06122A588 /* Types */ = {
			isa = PBXGroup;
			children = (
				5FD9C7916A994628D6AF1A55 /* MediaObject.swift */,
				83D8D111A5C229A647C40F43 /* Place.swift */,
			);
			path = Types;
			sourceTree = "<group>";
		};
		56CE4B6AF0F89509AA7489FE /* Core */ = {
			isa = PBXGroup;
			children = (
				775C89811DA31175332DFC90 /* WawaContext.swift */,
				C56F96C7839C41C3B39C482F /* WawaIdentifier.swift */,
				54535268658418FC49D23321 /* WawaObject.swift */,
				3C332149494BAE6361A16C23 /* WawaProof.swift */,
				D0E0A242319F16D0F88C8235 /* WawaValue.swift */,
			);
			path = Core;
			sourceTree = "<group>";
		};
		620FA447913D6D5D99A6209F /* Services */ = {
			isa = PBXGroup;
			children = (
				4CB43A508B13317AA7949285 /* LocationTracker.swift */,
				11CC007E68AE7320F38167CC /* MeshService.swift */,
				C2A296D3553C605D00CD69D1 /* SmartLocationTracker.swift */,
			);
			path = Services;
			sourceTree = "<group>";
		};
		71B381AC2089F6D486EB351A /* Codec */ = {
			isa = PBXGroup;
			children = (
				2A4E7ADAB8C88BE39B175734 /* JCS.swift */,
				C716EF77C923F16F44C2A79E /* WawaDecoder.swift */,
				0EACE624DCF027E4C6912FA8 /* WawaEncoder.swift */,
			);
			path = Codec;
			sourceTree = "<group>";
		};
		7225F19A02B027DA9F2D6D52 /* WawaMesh */ = {
			isa = PBXGroup;
			children = (
				8E2F58521FE85F23C65616AB /* MeshConstants.swift */,
				2EBCBEA8AC1E134EC9FDB0F8 /* BLE */,
				EAF4D3F76F98E818D8B14AD5 /* Dedup */,
				3753D28C69E260DE96D32652 /* Packet */,
			);
			name = WawaMesh;
			path = Sources/WawaMesh;
			sourceTree = "<group>";
		};
		7C12BD8F06B3E5D166CC7FF9 /* Views */ = {
			isa = PBXGroup;
			children = (
				A86B949887368F904D0E4C05 /* CreateRideView.swift */,
				505A4B75932C17D64D79B82B /* MeshStatusView.swift */,
				D1058AE0D7EE3A7C2D466345 /* RideMainView.swift */,
				91E82371385CF75EC2DCBFF8 /* WaitingView.swift */,
			);
			path = Views;
			sourceTree = "<group>";
		};
		7E06ACC5AD3D475900C5C221 = {
			isa = PBXGroup;
			children = (
				ADB71622E852AD434E867D18 /* BitFoundation */,
				22B4F0ABEA05BB8FBEE53161 /* BitLogger */,
				C709EC1FD38D8AA1247F4543 /* WawaMap */,
				7225F19A02B027DA9F2D6D52 /* WawaMesh */,
				D720653D31FCF4F01F2B04FB /* WawaOntology */,
				A7B9FC95639FB02E03A9DFC2 /* WawaRideApp */,
				814E4153F9895B2C7D777737 /* Products */,
			);
			sourceTree = "<group>";
		};
		814E4153F9895B2C7D777737 /* Products */ = {
			isa = PBXGroup;
			children = (
				181131D2327996FED85F5D37 /* WAWARide.app */,
			);
			name = Products;
			sourceTree = "<group>";
		};
		9F14087AA1375B43486CC905 /* Resources */ = {
			isa = PBXGroup;
			children = (
				DEC2F46D69908E883AA8DC28 /* Assets.xcassets */,
				8F83F2DE765904DAA79FB888 /* Info.plist */,
				9999870E3266E9010D1B4BF9 /* WawaRide.entitlements */,
			);
			path = Resources;
			sourceTree = "<group>";
		};
		A7B9FC95639FB02E03A9DFC2 /* WawaRideApp */ = {
			isa = PBXGroup;
			children = (
				544A169A8314145C3343D0E3 /* WawaRideApp.swift */,
				9F14087AA1375B43486CC905 /* Resources */,
				620FA447913D6D5D99A6209F /* Services */,
				E01A32ED3B1A8BA8553BB4DD /* ViewModels */,
				7C12BD8F06B3E5D166CC7FF9 /* Views */,
			);
			name = WawaRideApp;
			path = Sources/WawaRideApp;
			sourceTree = "<group>";
		};
		ADB71622E852AD434E867D18 /* BitFoundation */ = {
			isa = PBXGroup;
			children = (
				7809A7C68E1FB41D0A6B6FC8 /* BinaryEncodingUtils.swift */,
				99393642C679DE5D54689ACC /* BinaryProtocol.swift */,
				A034B46138D714B07E25AC7D /* BitchatMessage.swift */,
				42B484C3155C2140FABFCB07 /* BitchatPacket.swift */,
				A0D3FD1D4F4194254528EFF8 /* CompressionUtil.swift */,
				ACE4FFD968080579087C5B79 /* Constants.swift */,
				C507511C92DBFA30DED82F75 /* Data+Hex.swift */,
				7ECD0233F3AC54BD1DD60969 /* Data+SHA256.swift */,
				46D916DD380528C9EA62DF29 /* DeliveryStatus.swift */,
				6BB67499DE2B88A319B849A4 /* FileTransferLimits.swift */,
				2AAF9CD83912158543232B23 /* KeychainManagerProtocol.swift */,
				5024207646D420E4115AB14E /* MessagePadding.swift */,
				A0628C41A187F35B59E78AEC /* MessageType.swift */,
				B216465A6863DB0B0D422A7D /* PeerID.swift */,
				42A42FFBD2F87BA1DBC1ACD2 /* String+Ext.swift */,
			);
			name = BitFoundation;
			path = Sources/BitFoundation;
			sourceTree = "<group>";
		};
		C709EC1FD38D8AA1247F4543 /* WawaMap */ = {
			isa = PBXGroup;
			children = (
				4A062A271A1EDC79CF8EA4CB /* OfflineTileManager.swift */,
				E8C87E485C6506B7ACF28268 /* SmartMapView.swift */,
			);
			name = WawaMap;
			path = Sources/WawaMap;
			sourceTree = "<group>";
		};
		D720653D31FCF4F01F2B04FB /* WawaOntology */ = {
			isa = PBXGroup;
			children = (
				71B381AC2089F6D486EB351A /* Codec */,
				56CE4B6AF0F89509AA7489FE /* Core */,
				4B5F569FE00D84C06122A588 /* Types */,
			);
			name = WawaOntology;
			path = Sources/WawaOntology;
			sourceTree = "<group>";
		};
		E01A32ED3B1A8BA8553BB4DD /* ViewModels */ = {
			isa = PBXGroup;
			children = (
				69927ADE3F6ECB4AD8C2A49C /* RideState.swift */,
			);
			path = ViewModels;
			sourceTree = "<group>";
		};
		EAF4D3F76F98E818D8B14AD5 /* Dedup */ = {
			isa = PBXGroup;
			children = (
				E2521893DEF13A9B85A9AB0D /* MessageDeduplicator.swift */,
			);
			path = Dedup;
			sourceTree = "<group>";
		};
/* End PBXGroup section */

/* Begin PBXNativeTarget section */
		43061D48CAE6F9A1C5F0B28D /* WAWARide */ = {
			isa = PBXNativeTarget;
			buildConfigurationList = 7B8F69CC4A64253240F5EFF3 /* Build configuration list for PBXNativeTarget "WAWARide" */;
			buildPhases = (
				92F95C37D42D65B4498BD475 /* Sources */,
				2FD31904384BE1580AE33966 /* Resources */,
				457F39CA74AA32853D2DCC7A /* Frameworks */,
			);
			buildRules = (
			);
			dependencies = (
			);
			name = WAWARide;
			packageProductDependencies = (
				30B4707CA2948B5ECA28D43C /* MapCache */,
			);
			productName = WAWARide;
			productReference = 181131D2327996FED85F5D37 /* WAWARide.app */;
			productType = "com.apple.product-type.application";
		};
/* End PBXNativeTarget section */

/* Begin PBXProject section */
		FFEC093283D6ACD0772DEB17 /* Project object */ = {
			isa = PBXProject;
			attributes = {
				BuildIndependentTargetsInParallel = YES;
				LastUpgradeCheck = 2600;
				TargetAttributes = {
					43061D48CAE6F9A1C5F0B28D = {
						DevelopmentTeam = 955573A4YH;
						ProvisioningStyle = Automatic;
					};
				};
			};
			buildConfigurationList = DF1289AD8C85C1C24ECCC479 /* Build configuration list for PBXProject "WAWARide" */;
			developmentRegion = en;
			hasScannedForEncodings = 0;
			knownRegions = (
				Base,
				en,
			);
			mainGroup = 7E06ACC5AD3D475900C5C221;
			minimizedProjectReferenceProxies = 1;
			packageReferences = (
				7C4F4C2292AA7C26292C2ADD /* XCRemoteSwiftPackageReference "MapCache" */,
			);
			preferredProjectObjectVersion = 77;
			productRefGroup = 814E4153F9895B2C7D777737 /* Products */;
			projectDirPath = "";
			projectRoot = "";
			targets = (
				43061D48CAE6F9A1C5F0B28D /* WAWARide */,
			);
		};
/* End PBXProject section */

/* Begin PBXResourcesBuildPhase section */
		2FD31904384BE1580AE33966 /* Resources */ = {
			isa = PBXResourcesBuildPhase;
			buildActionMask = 2147483647;
			files = (
				A4C87F3C1B91E851EF222AF8 /* Assets.xcassets in Resources */,
			);
			runOnlyForDeploymentPostprocessing = 0;
		};
/* End PBXResourcesBuildPhase section */

/* Begin PBXSourcesBuildPhase section */
		92F95C37D42D65B4498BD475 /* Sources */ = {
			isa = PBXSourcesBuildPhase;
			buildActionMask = 2147483647;
			files = (
				10155B88312BA3ADCB24407D /* BinaryEncodingUtils.swift in Sources */,
				13A60254A609C3FA40D658B6 /* BinaryProtocol.swift in Sources */,
				492A950C119F19D8F28B0A92 /* BitchatMessage.swift in Sources */,
				EF2117ADAF29A5994F19F85A /* BitchatPacket.swift in Sources */,
				5403AE2AC874BC3FF7C08176 /* CompactLocation.swift in Sources */,
				281E44F03EA75739CA276163 /* CompressionUtil.swift in Sources */,
				2B7B28EECF32FBDD8F0F2F26 /* Constants.swift in Sources */,
				67A811AFA569B1D833D796CC /* CreateRideView.swift in Sources */,
				211C09C2BEE9398FCB5699CB /* Data+Hex.swift in Sources */,
				8D407B61A16F96802D15EEB7 /* Data+SHA256.swift in Sources */,
				375F7AE3AF24F97755866DDF /* DeliveryStatus.swift in Sources */,
				D924F4F9452A6ABDA1CB5FC0 /* FileTransferLimits.swift in Sources */,
				66B6F3AD63560DF8EB32D295 /* FragmentCodec.swift in Sources */,
				6D65D5866AA6F5B454DC04C2 /* JCS.swift in Sources */,
				133053F485D5DEFAA122727D /* KeychainManagerProtocol.swift in Sources */,
				FFE76EE246B5FD321A9F24A9 /* LocationPayload.swift in Sources */,
				9311E7407EEF1AE00991EFC3 /* LocationTracker.swift in Sources */,
				ED266938637DA0D62B45A077 /* MediaObject.swift in Sources */,
				5ECEB468B09726378E5D1852 /* MeshBLEService.swift in Sources */,
				07EB5E971A71AA87E9007682 /* MeshConstants.swift in Sources */,
				F9E788DD87AE497593577AEE /* MeshService.swift in Sources */,
				266644C15489F4693B8E79BD /* MeshStatusView.swift in Sources */,
				BBEF496B0B5EB80B89543BCA /* MessageDeduplicator.swift in Sources */,
				F98AA27A278BD59E79F769B1 /* MessagePadding.swift in Sources */,
				4A6561B2122485F3F386C679 /* MessageType.swift in Sources */,
				203CA094777B3D160314FCD9 /* OSLog+Categories.swift in Sources */,
				BCA704A4FCC71DDCCBE618C0 /* OfflineTileManager.swift in Sources */,
				BFBE536479773BD3CB30E048 /* PeerID.swift in Sources */,
				FE2632C79CE6D0C970ADCA97 /* Place.swift in Sources */,
				D7163CC7A09CE6CD8538C961 /* RideMainView.swift in Sources */,
				3352E0E7F3A49EA97FAC988D /* RideState.swift in Sources */,
				8D5B9F8083B5FC37F03C0C43 /* SecureLogger.swift in Sources */,
				2476B42324FEC3B71D3EA59C /* SmartLocationTracker.swift in Sources */,
				342AA7E4CB3571727C4BD800 /* SmartMapView.swift in Sources */,
				8DA2F4CD42892AFCD6BEE88A /* String+Ext.swift in Sources */,
				DB754A133B2116CD6D53D392 /* String+Sanitization.swift in Sources */,
				0B8D0E233535BEEF394D11E9 /* WaitingView.swift in Sources */,
				4BC1C99856EACE953528217E /* WawaContext.swift in Sources */,
				89CFFA6EEA10404887490E4D /* WawaDecoder.swift in Sources */,
				B8108FFA4CCA1A08B5CC599A /* WawaEncoder.swift in Sources */,
				6AD95A59B85EB598CF8921C3 /* WawaIdentifier.swift in Sources */,
				200F35C5C54A81069D3D739C /* WawaObject.swift in Sources */,
				7CFAAE7D92035F5FDD52104A /* WawaProof.swift in Sources */,
				0276F3D9505BC138CAB38965 /* WawaRideApp.swift in Sources */,
				AD82EE756E45E6F4C5B884CD /* WawaValue.swift in Sources */,
			);
			runOnlyForDeploymentPostprocessing = 0;
		};
/* End PBXSourcesBuildPhase section */

/* Begin XCBuildConfiguration section */
		0359300A59FA4A63D3336D34 /* Release */ = {
			isa = XCBuildConfiguration;
			buildSettings = {
				ASSETCATALOG_COMPILER_APPICON_NAME = AppIcon;
				CODE_SIGN_ENTITLEMENTS = Sources/WawaRideApp/Resources/WawaRide.entitlements;
				CODE_SIGN_IDENTITY = "iPhone Developer";
				CODE_SIGN_STYLE = Automatic;
				DEVELOPMENT_TEAM = 955573A4YH;
				INFOPLIST_FILE = Sources/WawaRideApp/Resources/Info.plist;
				LD_RUNPATH_SEARCH_PATHS = (
					"$(inherited)",
					"@executable_path/Frameworks",
				);
				PRODUCT_BUNDLE_IDENTIFIER = com.wawaride.app;
				SDKROOT = iphoneos;
				TARGETED_DEVICE_FAMILY = "1,2";
			};
			name = Release;
		};
		090A8FE737C0D3AF4FF7FEF5 /* Release */ = {
			isa = XCBuildConfiguration;
			buildSettings = {
				ALWAYS_SEARCH_USER_PATHS = NO;
				CLANG_ANALYZER_NONNULL = YES;
				CLANG_ANALYZER_NUMBER_OBJECT_CONVERSION = YES_AGGRESSIVE;
				CLANG_CXX_LANGUAGE_STANDARD = "gnu++14";
				CLANG_CXX_LIBRARY = "libc++";
				CLANG_ENABLE_MODULES = YES;
				CLANG_ENABLE_OBJC_ARC = YES;
				CLANG_ENABLE_OBJC_WEAK = YES;
				CLANG_WARN_BLOCK_CAPTURE_AUTORELEASING = YES;
				CLANG_WARN_BOOL_CONVERSION = YES;
				CLANG_WARN_COMMA = YES;
				CLANG_WARN_CONSTANT_CONVERSION = YES;
				CLANG_WARN_DEPRECATED_OBJC_IMPLEMENTATIONS = YES;
				CLANG_WARN_DIRECT_OBJC_ISA_USAGE = YES_ERROR;
				CLANG_WARN_DOCUMENTATION_COMMENTS = YES;
				CLANG_WARN_EMPTY_BODY = YES;
				CLANG_WARN_ENUM_CONVERSION = YES;
				CLANG_WARN_INFINITE_RECURSION = YES;
				CLANG_WARN_INT_CONVERSION = YES;
				CLANG_WARN_NON_LITERAL_NULL_CONVERSION = YES;
				CLANG_WARN_OBJC_IMPLICIT_RETAIN_SELF = YES;
				CLANG_WARN_OBJC_LITERAL_CONVERSION = YES;
				CLANG_WARN_OBJC_ROOT_CLASS = YES_ERROR;
				CLANG_WARN_QUOTED_INCLUDE_IN_FRAMEWORK_HEADER = YES;
				CLANG_WARN_RANGE_LOOP_ANALYSIS = YES;
				CLANG_WARN_STRICT_PROTOTYPES = YES;
				CLANG_WARN_SUSPICIOUS_MOVE = YES;
				CLANG_WARN_UNGUARDED_AVAILABILITY = YES_AGGRESSIVE;
				CLANG_WARN_UNREACHABLE_CODE = YES;
				CLANG_WARN__DUPLICATE_METHOD_MATCH = YES;
				COPY_PHASE_STRIP = NO;
				DEBUG_INFORMATION_FORMAT = "dwarf-with-dsym";
				ENABLE_NS_ASSERTIONS = NO;
				ENABLE_STRICT_OBJC_MSGSEND = YES;
				GCC_C_LANGUAGE_STANDARD = gnu11;
				GCC_NO_COMMON_BLOCKS = YES;
				GCC_WARN_64_TO_32_BIT_CONVERSION = YES;
				GCC_WARN_ABOUT_RETURN_TYPE = YES_ERROR;
				GCC_WARN_UNDECLARED_SELECTOR = YES;
				GCC_WARN_UNINITIALIZED_AUTOS = YES_AGGRESSIVE;
				GCC_WARN_UNUSED_FUNCTION = YES;
				GCC_WARN_UNUSED_VARIABLE = YES;
				IPHONEOS_DEPLOYMENT_TARGET = 16.0;
				MTL_ENABLE_DEBUG_INFO = NO;
				MTL_FAST_MATH = YES;
				PRODUCT_NAME = "$(TARGET_NAME)";
				SDKROOT = iphoneos;
				SWIFT_COMPILATION_MODE = wholemodule;
				SWIFT_OPTIMIZATION_LEVEL = "-O";
				SWIFT_VERSION = 6.0;
				TARGETED_DEVICE_FAMILY = 1;
			};
			name = Release;
		};
		6860CC631208852B601C5806 /* Debug */ = {
			isa = XCBuildConfiguration;
			buildSettings = {
				ALWAYS_SEARCH_USER_PATHS = NO;
				CLANG_ANALYZER_NONNULL = YES;
				CLANG_ANALYZER_NUMBER_OBJECT_CONVERSION = YES_AGGRESSIVE;
				CLANG_CXX_LANGUAGE_STANDARD = "gnu++14";
				CLANG_CXX_LIBRARY = "libc++";
				CLANG_ENABLE_MODULES = YES;
				CLANG_ENABLE_OBJC_ARC = YES;
				CLANG_ENABLE_OBJC_WEAK = YES;
				CLANG_WARN_BLOCK_CAPTURE_AUTORELEASING = YES;
				CLANG_WARN_BOOL_CONVERSION = YES;
				CLANG_WARN_COMMA = YES;
				CLANG_WARN_CONSTANT_CONVERSION = YES;
				CLANG_WARN_DEPRECATED_OBJC_IMPLEMENTATIONS = YES;
				CLANG_WARN_DIRECT_OBJC_ISA_USAGE = YES_ERROR;
				CLANG_WARN_DOCUMENTATION_COMMENTS = YES;
				CLANG_WARN_EMPTY_BODY = YES;
				CLANG_WARN_ENUM_CONVERSION = YES;
				CLANG_WARN_INFINITE_RECURSION = YES;
				CLANG_WARN_INT_CONVERSION = YES;
				CLANG_WARN_NON_LITERAL_NULL_CONVERSION = YES;
				CLANG_WARN_OBJC_IMPLICIT_RETAIN_SELF = YES;
				CLANG_WARN_OBJC_LITERAL_CONVERSION = YES;
				CLANG_WARN_OBJC_ROOT_CLASS = YES_ERROR;
				CLANG_WARN_QUOTED_INCLUDE_IN_FRAMEWORK_HEADER = YES;
				CLANG_WARN_RANGE_LOOP_ANALYSIS = YES;
				CLANG_WARN_STRICT_PROTOTYPES = YES;
				CLANG_WARN_SUSPICIOUS_MOVE = YES;
				CLANG_WARN_UNGUARDED_AVAILABILITY = YES_AGGRESSIVE;
				CLANG_WARN_UNREACHABLE_CODE = YES;
				CLANG_WARN__DUPLICATE_METHOD_MATCH = YES;
				COPY_PHASE_STRIP = NO;
				DEBUG_INFORMATION_FORMAT = dwarf;
				ENABLE_STRICT_OBJC_MSGSEND = YES;
				ENABLE_TESTABILITY = YES;
				GCC_C_LANGUAGE_STANDARD = gnu11;
				GCC_DYNAMIC_NO_PIC = NO;
				GCC_NO_COMMON_BLOCKS = YES;
				GCC_OPTIMIZATION_LEVEL = 0;
				GCC_PREPROCESSOR_DEFINITIONS = (
					"$(inherited)",
					"DEBUG=1",
				);
				GCC_WARN_64_TO_32_BIT_CONVERSION = YES;
				GCC_WARN_ABOUT_RETURN_TYPE = YES_ERROR;
				GCC_WARN_UNDECLARED_SELECTOR = YES;
				GCC_WARN_UNINITIALIZED_AUTOS = YES_AGGRESSIVE;
				GCC_WARN_UNUSED_FUNCTION = YES;
				GCC_WARN_UNUSED_VARIABLE = YES;
				IPHONEOS_DEPLOYMENT_TARGET = 16.0;
				MTL_ENABLE_DEBUG_INFO = INCLUDE_SOURCE;
				MTL_FAST_MATH = YES;
				ONLY_ACTIVE_ARCH = YES;
				PRODUCT_NAME = "$(TARGET_NAME)";
				SDKROOT = iphoneos;
				SWIFT_ACTIVE_COMPILATION_CONDITIONS = DEBUG;
				SWIFT_OPTIMIZATION_LEVEL = "-Onone";
				SWIFT_VERSION = 6.0;
				TARGETED_DEVICE_FAMILY = 1;
			};
			name = Debug;
		};
		B7F5CADB8EA29835CD739228 /* Debug */ = {
			isa = XCBuildConfiguration;
			buildSettings = {
				ASSETCATALOG_COMPILER_APPICON_NAME = AppIcon;
				CODE_SIGN_ENTITLEMENTS = Sources/WawaRideApp/Resources/WawaRide.entitlements;
				CODE_SIGN_IDENTITY = "iPhone Developer";
				CODE_SIGN_STYLE = Automatic;
				DEVELOPMENT_TEAM = 955573A4YH;
				INFOPLIST_FILE = Sources/WawaRideApp/Resources/Info.plist;
				LD_RUNPATH_SEARCH_PATHS = (
					"$(inherited)",
					"@executable_path/Frameworks",
				);
				PRODUCT_BUNDLE_IDENTIFIER = com.wawaride.app;
				SDKROOT = iphoneos;
				TARGETED_DEVICE_FAMILY = "1,2";
			};
			name = Debug;
		};
/* End XCBuildConfiguration section */

/* Begin XCConfigurationList section */
		7B8F69CC4A64253240F5EFF3 /* Build configuration list for PBXNativeTarget "WAWARide" */ = {
			isa = XCConfigurationList;
			buildConfigurations = (
				B7F5CADB8EA29835CD739228 /* Debug */,
				0359300A59FA4A63D3336D34 /* Release */,
			);
			defaultConfigurationIsVisible = 0;
			defaultConfigurationName = Debug;
		};
		DF1289AD8C85C1C24ECCC479 /* Build configuration list for PBXProject "WAWARide" */ = {
			isa = XCConfigurationList;
			buildConfigurations = (
				6860CC631208852B601C5806 /* Debug */,
				090A8FE737C0D3AF4FF7FEF5 /* Release */,
			);
			defaultConfigurationIsVisible = 0;
			defaultConfigurationName = Debug;
		};
/* End XCConfigurationList section */

/* Begin XCRemoteSwiftPackageReference section */
		7C4F4C2292AA7C26292C2ADD /* XCRemoteSwiftPackageReference "MapCache" */ = {
			isa = XCRemoteSwiftPackageReference;
			repositoryURL = "https://github.com/merlos/MapCache";
			requirement = {
				kind = upToNextMajorVersion;
				minimumVersion = 0.10.0;
			};
		};
/* End XCRemoteSwiftPackageReference section */

/* Begin XCSwiftPackageProductDependency section */
		30B4707CA2948B5ECA28D43C /* MapCache */ = {
			isa = XCSwiftPackageProductDependency;
			package = 7C4F4C2292AA7C26292C2ADD /* XCRemoteSwiftPackageReference "MapCache" */;
			productName = MapCache;
		};
/* End XCSwiftPackageProductDependency section */
	};
	rootObject = FFEC093283D6ACD0772DEB17 /* Project object */;
}
